{
  "name": "html",
  "version": "1.0.0",
  "lockfileVersion": 3,
  "requires": true,
  "packages": {
    "": {
      "name": "html",
      "version": "1.0.0",
      "license": "ISC",
      "dependencies": {
        "shepherd.js": "^14.1.0"
      }
    },
    "node_modules/@floating-ui/core": {
      "version": "1.6.8",
      "resolved": "https://registry.npmjs.org/@floating-ui/core/-/core-1.6.8.tgz",
      "integrity": "sha512-7XJ9cPU+yI2QeLS+FCSlqNFZJq8arvswefkZrYI1yQBbftw6FyrZOxYSh+9S7z7TpeWlRt9zJ5IhM1WIL334jA==",
      "dependencies": {
        "@floating-ui/utils": "^0.2.8"
      }
    },
    "node_modules/@floating-ui/dom": {
      "version": "1.6.11",
      "resolved": "https://registry.npmjs.org/@floating-ui/dom/-/dom-1.6.11.tgz",
      "integrity": "sha512-qkMCxSR24v2vGkhYDo/UzxfJN3D4syqSjyuTFz6C7XcpU1pASPRieNI0Kj5VP3/503mOfYiGY891ugBX1GlABQ==",
      "dependencies": {
        "@floating-ui/core": "^1.6.0",
        "@floating-ui/utils": "^0.2.8"
      }
    },
    "node_modules/@floating-ui/utils": {
      "version": "0.2.8",
      "resolved": "https://registry.npmjs.org/@floating-ui/utils/-/utils-0.2.8.tgz",
      "integrity": "sha512-kym7SodPp8/wloecOpcmSnWJsK7M0E5Wg8UcFA+uO4B9s5d0ywXOEro/8HM9x0rW+TljRzul/14UYz3TleT3ig=="
    },
    "node_modules/@scarf/scarf": {
      "version": "1.3.0",
      "resolved": "https://registry.npmjs.org/@scarf/scarf/-/scarf-1.3.0.tgz",
      "integrity": "sha512-lHKK8M5CTcpFj2hZDB3wIjb0KAbEOgDmiJGDv1WBRfQgRm/a8/XMEkG/N1iM01xgbUDsPQwi42D+dFo1XPAKew==",
      "hasInstallScript": true
    },
    "node_modules/deepmerge-ts": {
      "version": "7.1.3",
      "resolved": "https://registry.npmjs.org/deepmerge-ts/-/deepmerge-ts-7.1.3.tgz",
      "integrity": "sha512-qCSH6I0INPxd9Y1VtAiLpnYvz5O//6rCfJXKk0z66Up9/VOSr+1yS8XSKA5IWRxjocFGlzPyaZYe+jxq7OOLtQ==",
      "engines": {
        "node": ">=16.0.0"
      }
    },
    "node_modules/shepherd.js": {
      "version": "14.1.0",
      "resolved": "https://registry.npmjs.org/shepherd.js/-/shepherd.js-14.1.0.tgz",
      "integrity": "sha512-nFJElQ0KLF0zaDBINHpnUeBQVEOfRPyDrYkJkOj4ziQIyvSkQeJogEIAWwtpCEIxZOWNXxMYXcPVErjGE9EP6Q==",
      "dependencies": {
        "@floating-ui/dom": "^1.6.5",
        "@scarf/scarf": "^1.3.0",
        "deepmerge-ts": "^7.1.1"
      },
      "engines": {
        "node": "18.* || >= 20"
      }
    }
  }
}
